
Microsoft Visual Studio Solution File, Format Version 12.00
# Visual Studio Version 16
VisualStudioVersion = 16.0.34931.43
MinimumVisualStudioVersion = 10.0.40219.1
Project("{FAE04EC0-301F-11D3-BF4B-00C04F79EFBC}") = "MVCapplication", "MVCapplication\MVCapplication.csproj", "{FDAB7D30-B51B-437A-896F-B62BBA0C0302}"
EndProject
Global
	GlobalSection(SolutionConfigurationPlatforms) = preSolution
		Debug|Any CPU = Debug|Any CPU
		Release|Any CPU = Release|Any CPU
	EndGlobalSection
	GlobalSection(ProjectConfigurationPlatforms) = postSolution
		{FDAB7D30-B51B-437A-896F-B62BBA0C0302}.Debug|Any CPU.ActiveCfg = Debug|Any CPU
		{FDAB7D30-B51B-437A-896F-B62BBA0C0302}.Debug|Any CPU.Build.0 = Debug|Any CPU
		{FDAB7D30-B51B-437A-896F-B62BBA0C0302}.Release|Any CPU.ActiveCfg = Release|Any CPU
		{FDAB7D30-B51B-437A-896F-B62BBA0C0302}.Release|Any CPU.Build.0 = Release|Any CPU
	EndGlobalSection
	GlobalSection(SolutionProperties) = preSolution
		HideSolutionNode = FALSE
	EndGlobalSection
	GlobalSection(ExtensibilityGlobals) = postSolution
		SolutionGuid = {C0CD6BFA-453C-4248-965D-1CB591540FAE}
	EndGlobalSection
EndGlobal
